
Microsoft Visual Studio Solution File, Format Version 12.00
# Visual Studio Version 17
VisualStudioVersion = 17.10.34928.147
MinimumVisualStudioVersion = 10.0.40219.1
Project("{FAE04EC0-301F-11D3-BF4B-00C04F79EFBC}") = "DemoChangeLog4Net", "DemoChangeLog4Net\DemoChangeLog4Net.csproj", "{4789BD93-F2BC-4537-8EDE-44922A8F9254}"
EndProject
Global
	GlobalSection(SolutionConfigurationPlatforms) = preSolution
		Debug|Any CPU = Debug|Any CPU
		Release|Any CPU = Release|Any CPU
	EndGlobalSection
	GlobalSection(ProjectConfigurationPlatforms) = postSolution
		{4789BD93-F2BC-4537-8EDE-44922A8F9254}.Debug|Any CPU.ActiveCfg = Debug|Any CPU
		{4789BD93-F2BC-4537-8EDE-44922A8F9254}.Debug|Any CPU.Build.0 = Debug|Any CPU
		{4789BD93-F2BC-4537-8EDE-44922A8F9254}.Release|Any CPU.ActiveCfg = Release|Any CPU
		{4789BD93-F2BC-4537-8EDE-44922A8F9254}.Release|Any CPU.Build.0 = Release|Any CPU
	EndGlobalSection
	GlobalSection(SolutionProperties) = preSolution
		HideSolutionNode = FALSE
	EndGlobalSection
	GlobalSection(ExtensibilityGlobals) = postSolution
		SolutionGuid = {35C4E84E-780E-45D0-AA95-6956BCDD0A3E}
	EndGlobalSection
EndGlobal
